
Microsoft Visual Studio Solution File, Format Version 12.00
# Visual Studio Version 17
VisualStudioVersion = 17.4.33213.308
MinimumVisualStudioVersion = 10.0.40219.1
Project("{FAE04EC0-301F-11D3-BF4B-00C04F79EFBC}") = "CHCS", "Myproject\CHCS.csproj", "{F53C5E5A-D97F-489B-B088-3964F05C28A2}"
EndProject
Global
	GlobalSection(SolutionConfigurationPlatforms) = preSolution
		Debug|Any CPU = Debug|Any CPU
		Release|Any CPU = Release|Any CPU
	EndGlobalSection
	GlobalSection(ProjectConfigurationPlatforms) = postSolution
		{F53C5E5A-D97F-489B-B088-3964F05C28A2}.Debug|Any CPU.ActiveCfg = Debug|Any CPU
		{F53C5E5A-D97F-489B-B088-3964F05C28A2}.Debug|Any CPU.Build.0 = Debug|Any CPU
		{F53C5E5A-D97F-489B-B088-3964F05C28A2}.Release|Any CPU.ActiveCfg = Release|Any CPU
		{F53C5E5A-D97F-489B-B088-3964F05C28A2}.Release|Any CPU.Build.0 = Release|Any CPU
	EndGlobalSection
	GlobalSection(SolutionProperties) = preSolution
		HideSolutionNode = FALSE
	EndGlobalSection
	GlobalSection(ExtensibilityGlobals) = postSolution
		SolutionGuid = {7266AB3A-4B1A-47F4-A161-C45E3A3411DF}
	EndGlobalSection
EndGlobal
